// !$*UTF8*$!
{
	archiveVersion = 1;
	classes = {
	};
	objectVersion = 50;
	objects = {

/* Begin PBXBuildFile section */
		36D9BDA226AFF3B700A5033F /* AppDelegate.swift in Sources */ = {isa = PBXBuildFile; fileRef = 36D9BDA126AFF3B700A5033F /* AppDelegate.swift */; };
		36D9BDA426AFF3B700A5033F /* SceneDelegate.swift in Sources */ = {isa = PBXBuildFile; fileRef = 36D9BDA326AFF3B700A5033F /* SceneDelegate.swift */; };
		36D9BDA626AFF3B700A5033F /* ViewController.swift in Sources */ = {isa = PBXBuildFile; fileRef = 36D9BDA526AFF3B700A5033F /* ViewController.swift */; };
		36D9BDA926AFF3B700A5033F /* Main.storyboard in Resources */ = {isa = PBXBuildFile; fileRef = 36D9BDA726AFF3B700A5033F /* Main.storyboard */; };
		36D9BDAB26AFF3B900A5033F /* Assets.xcassets in Resources */ = {isa = PBXBuildFile; fileRef = 36D9BDAA26AFF3B900A5033F /* Assets.xcassets */; };
		36D9BDAE26AFF3B900A5033F /* LaunchScreen.storyboard in Resources */ = {isa = PBXBuildFile; fileRef = 36D9BDAC26AFF3B900A5033F /* LaunchScreen.storyboard */; };
/* End PBXBuildFile section */

/* Begin PBXFileReference section */
		36D9BD9E26AFF3B700A5033F /* Mon_CV.app */ = {isa = PBXFileReference; explicitFileType = wrapper.application; includeInIndex = 0; path = Mon_CV.app; sourceTree = BUILT_PRODUCTS_DIR; };
		36D9BDA126AFF3B700A5033F /* AppDelegate.swift */ = {isa = PBXFileReference; lastKnownFileType = sourcecode.swift; path = AppDelegate.swift; sourceTree = "<group>"; };
		36D9BDA326AFF3B700A5033F /* SceneDelegate.swift */ = {isa = PBXFileReference; lastKnownFileType = sourcecode.swift; path = SceneDelegate.swift; sourceTree = "<group>"; };
		36D9BDA526AFF3B700A5033F /* ViewController.swift */ = {isa = PBXFileReference; lastKnownFileType = sourcecode.swift; path = ViewController.swift; sourceTree = "<group>"; };
		36D9BDA826AFF3B700A5033F /* Base */ = {isa = PBXFileReference; lastKnownFileType = file.storyboard; name = Base; path = Base.lproj/Main.storyboard; sourceTree = "<group>"; };
		36D9BDAA26AFF3B900A5033F /* Assets.xcassets */ = {isa = PBXFileReference; lastKnownFileType = folder.assetcatalog; path = Assets.xcassets; sourceTree = "<group>"; };
		36D9BDAD26AFF3B900A5033F /* Base */ = {isa = PBXFileReference; lastKnownFileType = file.storyboard; name = Base; path = Base.lproj/LaunchScreen.storyboard; sourceTree = "<group>"; };
		36D9BDAF26AFF3B900A5033F /* Info.plist */ = {isa = PBXFileReference; lastKnownFileType = text.plist.xml; path = Info.plist; sourceTree = "<group>"; };
/* End PBXFileReference section */

/* Begin PBXFrameworksBuildPhase section */
		36D9BD9B26AFF3B700A5033F /* Frameworks */ = {
			isa = PBXFrameworksBuildPhase;
			buildActionMask = 2147483647;
			files = (
			);
			runOnlyForDeploymentPostprocessing = 0;
		};
/* End PBXFrameworksBuildPhase section */

/* Begin PBXGroup section */
		36D9BD9526AFF3B700A5033F = {
			isa = PBXGroup;
			children = (
				36D9BDA026AFF3B700A5033F /* Mon_CV */,
				36D9BD9F26AFF3B700A5033F /* Products */,
			);
			sourceTree = "<group>";
		};
		36D9BD9F26AFF3B700A5033F /* Products */ = {
			isa = PBXGroup;
			children = (
				36D9BD9E26AFF3B700A5033F /* Mon_CV.app */,
			);
			name = Products;
			sourceTree = "<group>";
		};
		36D9BDA026AFF3B700A5033F /* Mon_CV */ = {
			isa = PBXGroup;
			children = (
				36D9BDA126AFF3B700A5033F /* AppDelegate.swift */,
				36D9BDA326AFF3B700A5033F /* SceneDelegate.swift */,
				36D9BDA526AFF3B700A5033F /* ViewController.swift */,
				36D9BDA726AFF3B700A5033F /* Main.storyboard */,
				36D9BDAA26AFF3B900A5033F /* Assets.xcassets */,
				36D9BDAC26AFF3B900A5033F /* LaunchScreen.storyboard */,
				36D9BDAF26AFF3B900A5033F /* Info.plist */,
			);
			path = Mon_CV;
			sourceTree = "<group>";
		};
/* End PBXGroup section */

/* Begin PBXNativeTarget section */
		36D9BD9D26AFF3B700A5033F /* Mon_CV */ = {
			isa = PBXNativeTarget;
			buildConfigurationList = 36D9BDB226AFF3B900A5033F /* Build configuration list for PBXNativeTarget "Mon_CV" */;
			buildPhases = (
				36D9BD9A26AFF3B700A5033F /* Sources */,
				36D9BD9B26AFF3B700A5033F /* Frameworks */,
				36D9BD9C26AFF3B700A5033F /* Resources */,
			);
			buildRules = (
			);
			dependencies = (
			);
			name = Mon_CV;
			productName = Mon_CV;
			productReference = 36D9BD9E26AFF3B700A5033F /* Mon_CV.app */;
			productType = "com.apple.product-type.application";
		};
/* End PBXNativeTarget section */

/* Begin PBXProject section */
		36D9BD9626AFF3B700A5033F /* Project object */ = {
			isa = PBXProject;
			attributes = {
				LastSwiftUpdateCheck = 1250;
				LastUpgradeCheck = 1250;
				TargetAttributes = {
					36D9BD9D26AFF3B700A5033F = {
						CreatedOnToolsVersion = 12.5;
					};
				};
			};
			buildConfigurationList = 36D9BD9926AFF3B700A5033F /* Build configuration list for PBXProject "Mon_CV" */;
			compatibilityVersion = "Xcode 9.3";
			developmentRegion = en;
			hasScannedForEncodings = 0;
			knownRegions = (
				en,
				Base,
			);
			mainGroup = 36D9BD9526AFF3B700A5033F;
			productRefGroup = 36D9BD9F26AFF3B700A5033F /* Products */;
			projectDirPath = "";
			projectRoot = "";
			targets = (
				36D9BD9D26AFF3B700A5033F /* Mon_CV */,
			);
		};
/* End PBXProject section */

/* Begin PBXResourcesBuildPhase section */
		36D9BD9C26AFF3B700A5033F /* Resources */ = {
			isa = PBXResourcesBuildPhase;
			buildActionMask = 2147483647;
			files = (
				36D9BDAE26AFF3B900A5033F /* LaunchScreen.storyboard in Resources */,
				36D9BDAB26AFF3B900A5033F /* Assets.xcassets in Resources */,
				36D9BDA926AFF3B700A5033F /* Main.storyboard in Resources */,
			);
			runOnlyForDeploymentPostprocessing = 0;
		};
/* End PBXResourcesBuildPhase section */

/* Begin PBXSourcesBuildPhase section */
		36D9BD9A26AFF3B700A5033F /* Sources */ = {
			isa = PBXSourcesBuildPhase;
			buildActionMask = 2147483647;
			files = (
				36D9BDA626AFF3B700A5033F /* ViewController.swift in Sources */,
				36D9BDA226AFF3B700A5033F /* AppDelegate.swift in Sources */,
				36D9BDA426AFF3B700A5033F /* SceneDelegate.swift in Sources */,
			);
			runOnlyForDeploymentPostprocessing = 0;
		};
/* End PBXSourcesBuildPhase section */

/* Begin PBXVariantGroup section */
		36D9BDA726AFF3B700A5033F /* Main.storyboard */ = {
			isa = PBXVariantGroup;
			children = (
				36D9BDA826AFF3B700A5033F /* Base */,
			);
			name = Main.storyboard;
			sourceTree = "<group>";
		};
		36D9BDAC26AFF3B900A5033F /* LaunchScreen.storyboard */ = {
			isa = PBXVariantGroup;
			children = (
				36D9BDAD26AFF3B900A5033F /* Base */,
			);
			name = LaunchScreen.storyboard;
			sourceTree = "<group>";
		};
/* End PBXVariantGroup section */

/* Begin XCBuildConfiguration section */
		36D9BDB026AFF3B900A5033F /* Debug */ = {
			isa = XCBuildConfiguration;
			buildSettings = {
				ALWAYS_SEARCH_USER_PATHS = NO;
				CLANG_ANALYZER_NONNULL = YES;
				CLANG_ANALYZER_NUMBER_OBJECT_CONVERSION = YES_AGGRESSIVE;
				CLANG_CXX_LANGUAGE_STANDARD = "gnu++14";
				CLANG_CXX_LIBRARY = "libc++";
				CLANG_ENABLE_MODULES = YES;
				CLANG_ENABLE_OBJC_ARC = YES;
				CLANG_ENABLE_OBJC_WEAK = YES;
				CLANG_WARN_BLOCK_CAPTURE_AUTORELEASING = YES;
				CLANG_WARN_BOOL_CONVERSION = YES;
				CLANG_WARN_COMMA = YES;
				CLANG_WARN_CONSTANT_CONVERSION = YES;
				CLANG_WARN_DEPRECATED_OBJC_IMPLEMENTATIONS = YES;
				CLANG_WARN_DIRECT_OBJC_ISA_USAGE = YES_ERROR;
				CLANG_WARN_DOCUMENTATION_COMMENTS = YES;
				CLANG_WARN_EMPTY_BODY = YES;
				CLANG_WARN_ENUM_CONVERSION = YES;
				CLANG_WARN_INFINITE_RECURSION = YES;
				CLANG_WARN_INT_CONVERSION = YES;
				CLANG_WARN_NON_LITERAL_NULL_CONVERSION = YES;
				CLANG_WARN_OBJC_IMPLICIT_RETAIN_SELF = YES;
				CLANG_WARN_OBJC_LITERAL_CONVERSION = YES;
				CLANG_WARN_OBJC_ROOT_CLASS = YES_ERROR;
				CLANG_WARN_QUOTED_INCLUDE_IN_FRAMEWORK_HEADER = YES;
				CLANG_WARN_RANGE_LOOP_ANALYSIS = YES;
				CLANG_WARN_STRICT_PROTOTYPES = YES;
				CLANG_WARN_SUSPICIOUS_MOVE = YES;
				CLANG_WARN_UNGUARDED_AVAILABILITY = YES_AGGRESSIVE;
				CLANG_WARN_UNREACHABLE_CODE = YES;
				CLANG_WARN__DUPLICATE_METHOD_MATCH = YES;
				COPY_PHASE_STRIP = NO;
				DEBUG_INFORMATION_FORMAT = dwarf;
				ENABLE_STRICT_OBJC_MSGSEND = YES;
				ENABLE_TESTABILITY = YES;
				GCC_C_LANGUAGE_STANDARD = gnu11;
				GCC_DYNAMIC_NO_PIC = NO;
				GCC_NO_COMMON_BLOCKS = YES;
				GCC_OPTIMIZATION_LEVEL = 0;
				GCC_PREPROCESSOR_DEFINITIONS = (
					"DEBUG=1",
					"$(inherited)",
				);
				GCC_WARN_64_TO_32_BIT_CONVERSION = YES;
				GCC_WARN_ABOUT_RETURN_TYPE = YES_ERROR;
				GCC_WARN_UNDECLARED_SELECTOR = YES;
				GCC_WARN_UNINITIALIZED_AUTOS = YES_AGGRESSIVE;
				GCC_WARN_UNUSED_FUNCTION = YES;
				GCC_WARN_UNUSED_VARIABLE = YES;
				IPHONEOS_DEPLOYMENT_TARGET = 14.5;
				MTL_ENABLE_DEBUG_INFO = INCLUDE_SOURCE;
				MTL_FAST_MATH = YES;
				ONLY_ACTIVE_ARCH = YES;
				SDKROOT = iphoneos;
				SWIFT_ACTIVE_COMPILATION_CONDITIONS = DEBUG;
				SWIFT_OPTIMIZATION_LEVEL = "-Onone";
			};
			name = Debug;
		};
		36D9BDB126AFF3B900A5033F /* Release */ = {
			isa = XCBuildConfiguration;
			buildSettings = {
				ALWAYS_SEARCH_USER_PATHS = NO;
				CLANG_ANALYZER_NONNULL = YES;
				CLANG_ANALYZER_NUMBER_OBJECT_CONVERSION = YES_AGGRESSIVE;
				CLANG_CXX_LANGUAGE_STANDARD = "gnu++14";
				CLANG_CXX_LIBRARY = "libc++";
				CLANG_ENABLE_MODULES = YES;
				CLANG_ENABLE_OBJC_ARC = YES;
				CLANG_ENABLE_OBJC_WEAK = YES;
				CLANG_WARN_BLOCK_CAPTURE_AUTORELEASING = YES;
				CLANG_WARN_BOOL_CONVERSION = YES;
				CLANG_WARN_COMMA = YES;
				CLANG_WARN_CONSTANT_CONVERSION = YES;
				CLANG_WARN_DEPRECATED_OBJC_IMPLEMENTATIONS = YES;
				CLANG_WARN_DIRECT_OBJC_ISA_USAGE = YES_ERROR;
				CLANG_WARN_DOCUMENTATION_COMMENTS = YES;
				CLANG_WARN_EMPTY_BODY = YES;
				CLANG_WARN_ENUM_CONVERSION = YES;
				CLANG_WARN_INFINITE_RECURSION = YES;
				CLANG_WARN_INT_CONVERSION = YES;
				CLANG_WARN_NON_LITERAL_NULL_CONVERSION = YES;
				CLANG_WARN_OBJC_IMPLICIT_RETAIN_SELF = YES;
				CLANG_WARN_OBJC_LITERAL_CONVERSION = YES;
				CLANG_WARN_OBJC_ROOT_CLASS = YES_ERROR;
				CLANG_WARN_QUOTED_INCLUDE_IN_FRAMEWORK_HEADER = YES;
				CLANG_WARN_RANGE_LOOP_ANALYSIS = YES;
				CLANG_WARN_STRICT_PROTOTYPES = YES;
				CLANG_WARN_SUSPICIOUS_MOVE = YES;
				CLANG_WARN_UNGUARDED_AVAILABILITY = YES_AGGRESSIVE;
				CLANG_WARN_UNREACHABLE_CODE = YES;
				CLANG_WARN__DUPLICATE_METHOD_MATCH = YES;
				COPY_PHASE_STRIP = NO;
				DEBUG_INFORMATION_FORMAT = "dwarf-with-dsym";
				ENABLE_NS_ASSERTIONS = NO;
				ENABLE_STRICT_OBJC_MSGSEND = YES;
				GCC_C_LANGUAGE_STANDARD = gnu11;
				GCC_NO_COMMON_BLOCKS = YES;
				GCC_WARN_64_TO_32_BIT_CONVERSION = YES;
				GCC_WARN_ABOUT_RETURN_TYPE = YES_ERROR;
				GCC_WARN_UNDECLARED_SELECTOR = YES;
				GCC_WARN_UNINITIALIZED_AUTOS = YES_AGGRESSIVE;
				GCC_WARN_UNUSED_FUNCTION = YES;
				GCC_WARN_UNUSED_VARIABLE = YES;
				IPHONEOS_DEPLOYMENT_TARGET = 14.5;
				MTL_ENABLE_DEBUG_INFO = NO;
				MTL_FAST_MATH = YES;
				SDKROOT = iphoneos;
				SWIFT_COMPILATION_MODE = wholemodule;
				SWIFT_OPTIMIZATION_LEVEL = "-O";
				VALIDATE_PRODUCT = YES;
			};
			name = Release;
		};
		36D9BDB326AFF3B900A5033F /* Debug */ = {
			isa = XCBuildConfiguration;
			buildSettings = {
				ASSETCATALOG_COMPILER_APPICON_NAME = AppIcon;
				ASSETCATALOG_COMPILER_GLOBAL_ACCENT_COLOR_NAME = AccentColor;
				CODE_SIGN_STYLE = Automatic;
				INFOPLIST_FILE = Mon_CV/Info.plist;
				LD_RUNPATH_SEARCH_PATHS = (
					"$(inherited)",
					"@executable_path/Frameworks",
				);
				PRODUCT_BUNDLE_IDENTIFIER = "Thomas-Jamme.Mon-CV";
				PRODUCT_NAME = "$(TARGET_NAME)";
				SWIFT_VERSION = 5.0;
				TARGETED_DEVICE_FAMILY = "1,2";
			};
			name = Debug;
		};
		36D9BDB426AFF3B900A5033F /* Release */ = {
			isa = XCBuildConfiguration;
			buildSettings = {
				ASSETCATALOG_COMPILER_APPICON_NAME = AppIcon;
				ASSETCATALOG_COMPILER_GLOBAL_ACCENT_COLOR_NAME = AccentColor;
				CODE_SIGN_STYLE = Automatic;
				INFOPLIST_FILE = Mon_CV/Info.plist;
				LD_RUNPATH_SEARCH_PATHS = (
					"$(inherited)",
					"@executable_path/Frameworks",
				);
				PRODUCT_BUNDLE_IDENTIFIER = "Thomas-Jamme.Mon-CV";
				PRODUCT_NAME = "$(TARGET_NAME)";
				SWIFT_VERSION = 5.0;
				TARGETED_DEVICE_FAMILY = "1,2";
			};
			name = Release;
		};
/* End XCBuildConfiguration section */

/* Begin XCConfigurationList section */
		36D9BD9926AFF3B700A5033F /* Build configuration list for PBXProject "Mon_CV" */ = {
			isa = XCConfigurationList;
			buildConfigurations = (
				36D9BDB026AFF3B900A5033F /* Debug */,
				36D9BDB126AFF3B900A5033F /* Release */,
			);
			defaultConfigurationIsVisible = 0;
			defaultConfigurationName = Release;
		};
		36D9BDB226AFF3B900A5033F /* Build configuration list for PBXNativeTarget "Mon_CV" */ = {
			isa = XCConfigurationList;
			buildConfigurations = (
				36D9BDB326AFF3B900A5033F /* Debug */,
				36D9BDB426AFF3B900A5033F /* Release */,
			);
			defaultConfigurationIsVisible = 0;
			defaultConfigurationName = Release;
		};
/* End XCConfigurationList section */
	};
	rootObject = 36D9BD9626AFF3B700A5033F /* Project object */;
}
